
Microsoft Visual Studio Solution File, Format Version 12.00
# Visual Studio Version 17
VisualStudioVersion = 17.9.34622.214
MinimumVisualStudioVersion = 10.0.40219.1
Project("{778DAE3C-4631-46EA-AA77-85C1314464D9}") = "PointLib", "PointLib\PointLib.vbproj", "{91B273FB-C2A0-4E35-9433-B9D48ADB068E}"
EndProject
Project("{FAE04EC0-301F-11D3-BF4B-00C04F79EFBC}") = "WinFormsApp1", "WinFormsApp1\WinFormsApp1.csproj", "{4CE2A44E-AC86-4CC6-AD51-0DB1A3468EC7}"
EndProject
Global
	GlobalSection(SolutionConfigurationPlatforms) = preSolution
		Debug|Any CPU = Debug|Any CPU
		Release|Any CPU = Release|Any CPU
	EndGlobalSection
	GlobalSection(ProjectConfigurationPlatforms) = postSolution
		{91B273FB-C2A0-4E35-9433-B9D48ADB068E}.Debug|Any CPU.ActiveCfg = Debug|Any CPU
		{91B273FB-C2A0-4E35-9433-B9D48ADB068E}.Debug|Any CPU.Build.0 = Debug|Any CPU
		{91B273FB-C2A0-4E35-9433-B9D48ADB068E}.Release|Any CPU.ActiveCfg = Release|Any CPU
		{91B273FB-C2A0-4E35-9433-B9D48ADB068E}.Release|Any CPU.Build.0 = Release|Any CPU
		{4CE2A44E-AC86-4CC6-AD51-0DB1A3468EC7}.Debug|Any CPU.ActiveCfg = Debug|Any CPU
		{4CE2A44E-AC86-4CC6-AD51-0DB1A3468EC7}.Debug|Any CPU.Build.0 = Debug|Any CPU
		{4CE2A44E-AC86-4CC6-AD51-0DB1A3468EC7}.Release|Any CPU.ActiveCfg = Release|Any CPU
		{4CE2A44E-AC86-4CC6-AD51-0DB1A3468EC7}.Release|Any CPU.Build.0 = Release|Any CPU
	EndGlobalSection
	GlobalSection(SolutionProperties) = preSolution
		HideSolutionNode = FALSE
	EndGlobalSection
	GlobalSection(ExtensibilityGlobals) = postSolution
		SolutionGuid = {4EA6B24F-7B56-4DEF-BB5D-56034D68A950}
	EndGlobalSection
EndGlobal
